
Microsoft Visual Studio Solution File, Format Version 12.00
# Visual Studio Version 17
VisualStudioVersion = 17.9.34728.123
MinimumVisualStudioVersion = 10.0.40219.1
Project("{9A19103F-16F7-4668-BE54-9A1E7A4F7556}") = "DZ Wpf 4_window 030724", "DZ Wpf 4_window\DZ Wpf 4_window 030724.csproj", "{8B498AEC-C380-4C5F-8287-D53EDB7018C6}"
EndProject
Global
	GlobalSection(SolutionConfigurationPlatforms) = preSolution
		Debug|Any CPU = Debug|Any CPU
		Release|Any CPU = Release|Any CPU
	EndGlobalSection
	GlobalSection(ProjectConfigurationPlatforms) = postSolution
		{8B498AEC-C380-4C5F-8287-D53EDB7018C6}.Debug|Any CPU.ActiveCfg = Debug|Any CPU
		{8B498AEC-C380-4C5F-8287-D53EDB7018C6}.Debug|Any CPU.Build.0 = Debug|Any CPU
		{8B498AEC-C380-4C5F-8287-D53EDB7018C6}.Release|Any CPU.ActiveCfg = Release|Any CPU
		{8B498AEC-C380-4C5F-8287-D53EDB7018C6}.Release|Any CPU.Build.0 = Release|Any CPU
	EndGlobalSection
	GlobalSection(SolutionProperties) = preSolution
		HideSolutionNode = FALSE
	EndGlobalSection
	GlobalSection(ExtensibilityGlobals) = postSolution
		SolutionGuid = {5CF1C279-1A78-4B1B-9D3E-D5DAFE42E8CC}
	EndGlobalSection
EndGlobal
